// !$*UTF8*$!
{
	archiveVersion = 1;
	classes = {
	};
	objectVersion = 50;
	objects = {

/* Begin PBXBuildFile section */
		0A7153962241318C00A67326 /* Default-568h@2x.png in Resources */ = {isa = PBXBuildFile; fileRef = 0A7153952241318C00A67326 /* Default-568h@2x.png */; };
		0A71539C2241334400A67326 /* ViewController.swift in Sources */ = {isa = PBXBuildFile; fileRef = 0A7153992241334400A67326 /* ViewController.swift */; };
		0A71539D2241334400A67326 /* MusicViewController.swift in Sources */ = {isa = PBXBuildFile; fileRef = 0A71539A2241334400A67326 /* MusicViewController.swift */; };
		0A71539E2241334400A67326 /* MainViewController.swift in Sources */ = {isa = PBXBuildFile; fileRef = 0A71539B2241334400A67326 /* MainViewController.swift */; };
		0A979BAF21046A1000BD41F9 /* swiftgif.swift in Sources */ = {isa = PBXBuildFile; fileRef = 0A979BAE21046A1000BD41F9 /* swiftgif.swift */; };
		0ACB4C0920C04F51000B3D98 /* AppDelegate.swift in Sources */ = {isa = PBXBuildFile; fileRef = 0ACB4C0820C04F51000B3D98 /* AppDelegate.swift */; };
		0ACB4C1020C04F51000B3D98 /* Main.storyboard in Resources */ = {isa = PBXBuildFile; fileRef = 0ACB4C0E20C04F51000B3D98 /* Main.storyboard */; };
		0ACB4C1220C04F52000B3D98 /* Assets.xcassets in Resources */ = {isa = PBXBuildFile; fileRef = 0ACB4C1120C04F52000B3D98 /* Assets.xcassets */; };
		0ACB4C1520C04F52000B3D98 /* LaunchScreen.storyboard in Resources */ = {isa = PBXBuildFile; fileRef = 0ACB4C1320C04F52000B3D98 /* LaunchScreen.storyboard */; };
/* End PBXBuildFile section */

/* Begin PBXCopyFilesBuildPhase section */
		0ACB4C1F20C05162000B3D98 /* Embed Frameworks */ = {
			isa = PBXCopyFilesBuildPhase;
			buildActionMask = 2147483647;
			dstPath = "";
			dstSubfolderSpec = 10;
			files = (
			);
			name = "Embed Frameworks";
			runOnlyForDeploymentPostprocessing = 0;
		};
/* End PBXCopyFilesBuildPhase section */

/* Begin PBXFileReference section */
		0A7153952241318C00A67326 /* Default-568h@2x.png */ = {isa = PBXFileReference; lastKnownFileType = image.png; path = "Default-568h@2x.png"; sourceTree = "<group>"; };
		0A7153992241334400A67326 /* ViewController.swift */ = {isa = PBXFileReference; fileEncoding = 4; lastKnownFileType = sourcecode.swift; path = ViewController.swift; sourceTree = "<group>"; };
		0A71539A2241334400A67326 /* MusicViewController.swift */ = {isa = PBXFileReference; fileEncoding = 4; lastKnownFileType = sourcecode.swift; path = MusicViewController.swift; sourceTree = "<group>"; };
		0A71539B2241334400A67326 /* MainViewController.swift */ = {isa = PBXFileReference; fileEncoding = 4; lastKnownFileType = sourcecode.swift; path = MainViewController.swift; sourceTree = "<group>"; };
		0A71539F2241336900A67326 /* UGKScrew10.mp3 */ = {isa = PBXFileReference; lastKnownFileType = audio.mp3; path = UGKScrew10.mp3; sourceTree = "<group>"; };
		0A7153A02241336900A67326 /* Know.mp3 */ = {isa = PBXFileReference; lastKnownFileType = audio.mp3; path = Know.mp3; sourceTree = "<group>"; };
		0A979BAE21046A1000BD41F9 /* swiftgif.swift */ = {isa = PBXFileReference; lastKnownFileType = sourcecode.swift; path = swiftgif.swift; sourceTree = "<group>"; };
		0ACB4C0520C04F51000B3D98 /* ScrewShop.app */ = {isa = PBXFileReference; explicitFileType = wrapper.application; includeInIndex = 0; path = ScrewShop.app; sourceTree = BUILT_PRODUCTS_DIR; };
		0ACB4C0820C04F51000B3D98 /* AppDelegate.swift */ = {isa = PBXFileReference; lastKnownFileType = sourcecode.swift; path = AppDelegate.swift; sourceTree = "<group>"; };
		0ACB4C0F20C04F51000B3D98 /* Base */ = {isa = PBXFileReference; lastKnownFileType = file.storyboard; name = Base; path = Base.lproj/Main.storyboard; sourceTree = "<group>"; };
		0ACB4C1120C04F52000B3D98 /* Assets.xcassets */ = {isa = PBXFileReference; lastKnownFileType = folder.assetcatalog; path = Assets.xcassets; sourceTree = "<group>"; };
		0ACB4C1420C04F52000B3D98 /* Base */ = {isa = PBXFileReference; lastKnownFileType = file.storyboard; name = Base; path = Base.lproj/LaunchScreen.storyboard; sourceTree = "<group>"; };
		0ACB4C1620C04F52000B3D98 /* Info.plist */ = {isa = PBXFileReference; lastKnownFileType = text.plist.xml; path = Info.plist; sourceTree = "<group>"; };
/* End PBXFileReference section */

/* Begin PBXFrameworksBuildPhase section */
		0ACB4C0220C04F51000B3D98 /* Frameworks */ = {
			isa = PBXFrameworksBuildPhase;
			buildActionMask = 2147483647;
			files = (
			);
			runOnlyForDeploymentPostprocessing = 0;
		};
/* End PBXFrameworksBuildPhase section */

/* Begin PBXGroup section */
		0A715397224132AF00A67326 /* ScrewShop */ = {
			isa = PBXGroup;
			children = (
			);
			name = ScrewShop;
			path = ScrewShop/ScrewShop;
			sourceTree = "<group>";
		};
		0A7153982241334400A67326 /* Views */ = {
			isa = PBXGroup;
			children = (
				0A7153992241334400A67326 /* ViewController.swift */,
				0A71539A2241334400A67326 /* MusicViewController.swift */,
				0A71539B2241334400A67326 /* MainViewController.swift */,
			);
			path = Views;
			sourceTree = "<group>";
		};
		0A7153A12241336900A67326 /* AddedMusic */ = {
			isa = PBXGroup;
			children = (
				0A71539F2241336900A67326 /* UGKScrew10.mp3 */,
				0A7153A02241336900A67326 /* Know.mp3 */,
			);
			name = AddedMusic;
			path = /Users/LloydPowell/Documents/progs/xcodestuff/ScrewShopGit/ScrewShop/AddedMusic;
			sourceTree = "<absolute>";
		};
		0ACB4BFC20C04F51000B3D98 = {
			isa = PBXGroup;
			children = (
				0A7153952241318C00A67326 /* Default-568h@2x.png */,
				0ACB4C0720C04F51000B3D98 /* ScrewShop */,
				0A715397224132AF00A67326 /* ScrewShop */,
				0ACB4C0620C04F51000B3D98 /* Products */,
			);
			sourceTree = "<group>";
		};
		0ACB4C0620C04F51000B3D98 /* Products */ = {
			isa = PBXGroup;
			children = (
				0ACB4C0520C04F51000B3D98 /* ScrewShop.app */,
			);
			name = Products;
			sourceTree = "<group>";
		};
		0ACB4C0720C04F51000B3D98 /* ScrewShop */ = {
			isa = PBXGroup;
			children = (
				0ACB4C0820C04F51000B3D98 /* AppDelegate.swift */,
				0A7153A12241336900A67326 /* AddedMusic */,
				0A7153982241334400A67326 /* Views */,
				0A979BAE21046A1000BD41F9 /* swiftgif.swift */,
				0ACB4C0E20C04F51000B3D98 /* Main.storyboard */,
				0ACB4C1120C04F52000B3D98 /* Assets.xcassets */,
				0ACB4C1320C04F52000B3D98 /* LaunchScreen.storyboard */,
				0ACB4C1620C04F52000B3D98 /* Info.plist */,
			);
			path = ScrewShop;
			sourceTree = "<group>";
		};
/* End PBXGroup section */

/* Begin PBXNativeTarget section */
		0ACB4C0420C04F51000B3D98 /* ScrewShop */ = {
			isa = PBXNativeTarget;
			buildConfigurationList = 0ACB4C1920C04F52000B3D98 /* Build configuration list for PBXNativeTarget "ScrewShop" */;
			buildPhases = (
				0ACB4C0120C04F51000B3D98 /* Sources */,
				0ACB4C0220C04F51000B3D98 /* Frameworks */,
				0ACB4C0320C04F51000B3D98 /* Resources */,
				0ACB4C1F20C05162000B3D98 /* Embed Frameworks */,
			);
			buildRules = (
			);
			dependencies = (
			);
			name = ScrewShop;
			productName = ScrewShop;
			productReference = 0ACB4C0520C04F51000B3D98 /* ScrewShop.app */;
			productType = "com.apple.product-type.application";
		};
/* End PBXNativeTarget section */

/* Begin PBXProject section */
		0ACB4BFD20C04F51000B3D98 /* Project object */ = {
			isa = PBXProject;
			attributes = {
				LastSwiftUpdateCheck = 0940;
				LastUpgradeCheck = 0940;
				ORGANIZATIONNAME = L.M.PowellEnterprise;
				TargetAttributes = {
					0ACB4C0420C04F51000B3D98 = {
						CreatedOnToolsVersion = 9.4;
						LastSwiftMigration = 1010;
						SystemCapabilities = {
							com.apple.BackgroundModes = {
								enabled = 1;
							};
						};
					};
				};
			};
			buildConfigurationList = 0ACB4C0020C04F51000B3D98 /* Build configuration list for PBXProject "ScrewShop" */;
			compatibilityVersion = "Xcode 9.3";
			developmentRegion = en;
			hasScannedForEncodings = 0;
			knownRegions = (
				en,
				Base,
			);
			mainGroup = 0ACB4BFC20C04F51000B3D98;
			productRefGroup = 0ACB4C0620C04F51000B3D98 /* Products */;
			projectDirPath = "";
			projectRoot = "";
			targets = (
				0ACB4C0420C04F51000B3D98 /* ScrewShop */,
			);
		};
/* End PBXProject section */

/* Begin PBXResourcesBuildPhase section */
		0ACB4C0320C04F51000B3D98 /* Resources */ = {
			isa = PBXResourcesBuildPhase;
			buildActionMask = 2147483647;
			files = (
				0ACB4C1520C04F52000B3D98 /* LaunchScreen.storyboard in Resources */,
				0ACB4C1220C04F52000B3D98 /* Assets.xcassets in Resources */,
				0ACB4C1020C04F51000B3D98 /* Main.storyboard in Resources */,
				0A7153962241318C00A67326 /* Default-568h@2x.png in Resources */,
			);
			runOnlyForDeploymentPostprocessing = 0;
		};
/* End PBXResourcesBuildPhase section */

/* Begin PBXSourcesBuildPhase section */
		0ACB4C0120C04F51000B3D98 /* Sources */ = {
			isa = PBXSourcesBuildPhase;
			buildActionMask = 2147483647;
			files = (
				0A71539C2241334400A67326 /* ViewController.swift in Sources */,
				0A71539D2241334400A67326 /* MusicViewController.swift in Sources */,
				0A979BAF21046A1000BD41F9 /* swiftgif.swift in Sources */,
				0ACB4C0920C04F51000B3D98 /* AppDelegate.swift in Sources */,
				0A71539E2241334400A67326 /* MainViewController.swift in Sources */,
			);
			runOnlyForDeploymentPostprocessing = 0;
		};
/* End PBXSourcesBuildPhase section */

/* Begin PBXVariantGroup section */
		0ACB4C0E20C04F51000B3D98 /* Main.storyboard */ = {
			isa = PBXVariantGroup;
			children = (
				0ACB4C0F20C04F51000B3D98 /* Base */,
			);
			name = Main.storyboard;
			sourceTree = "<group>";
		};
		0ACB4C1320C04F52000B3D98 /* LaunchScreen.storyboard */ = {
			isa = PBXVariantGroup;
			children = (
				0ACB4C1420C04F52000B3D98 /* Base */,
			);
			name = LaunchScreen.storyboard;
			sourceTree = "<group>";
		};
/* End PBXVariantGroup section */

/* Begin XCBuildConfiguration section */
		0ACB4C1720C04F52000B3D98 /* Debug */ = {
			isa = XCBuildConfiguration;
			buildSettings = {
				ALWAYS_SEARCH_USER_PATHS = NO;
				CLANG_ANALYZER_NONNULL = YES;
				CLANG_ANALYZER_NUMBER_OBJECT_CONVERSION = YES_AGGRESSIVE;
				CLANG_CXX_LANGUAGE_STANDARD = "gnu++14";
				CLANG_CXX_LIBRARY = "libc++";
				CLANG_ENABLE_MODULES = YES;
				CLANG_ENABLE_OBJC_ARC = YES;
				CLANG_ENABLE_OBJC_WEAK = YES;
				CLANG_WARN_BLOCK_CAPTURE_AUTORELEASING = YES;
				CLANG_WARN_BOOL_CONVERSION = YES;
				CLANG_WARN_COMMA = YES;
				CLANG_WARN_CONSTANT_CONVERSION = YES;
				CLANG_WARN_DEPRECATED_OBJC_IMPLEMENTATIONS = YES;
				CLANG_WARN_DIRECT_OBJC_ISA_USAGE = YES_ERROR;
				CLANG_WARN_DOCUMENTATION_COMMENTS = YES;
				CLANG_WARN_EMPTY_BODY = YES;
				CLANG_WARN_ENUM_CONVERSION = YES;
				CLANG_WARN_INFINITE_RECURSION = YES;
				CLANG_WARN_INT_CONVERSION = YES;
				CLANG_WARN_NON_LITERAL_NULL_CONVERSION = YES;
				CLANG_WARN_OBJC_IMPLICIT_RETAIN_SELF = YES;
				CLANG_WARN_OBJC_LITERAL_CONVERSION = YES;
				CLANG_WARN_OBJC_ROOT_CLASS = YES_ERROR;
				CLANG_WARN_RANGE_LOOP_ANALYSIS = YES;
				CLANG_WARN_STRICT_PROTOTYPES = YES;
				CLANG_WARN_SUSPICIOUS_MOVE = YES;
				CLANG_WARN_UNGUARDED_AVAILABILITY = YES_AGGRESSIVE;
				CLANG_WARN_UNREACHABLE_CODE = YES;
				CLANG_WARN__DUPLICATE_METHOD_MATCH = YES;
				CODE_SIGN_IDENTITY = "iPhone Developer";
				COPY_PHASE_STRIP = NO;
				DEBUG_INFORMATION_FORMAT = dwarf;
				ENABLE_STRICT_OBJC_MSGSEND = YES;
				ENABLE_TESTABILITY = YES;
				GCC_C_LANGUAGE_STANDARD = gnu11;
				GCC_DYNAMIC_NO_PIC = NO;
				GCC_NO_COMMON_BLOCKS = YES;
				GCC_OPTIMIZATION_LEVEL = 0;
				GCC_PREPROCESSOR_DEFINITIONS = (
					"DEBUG=1",
					"$(inherited)",
				);
				GCC_WARN_64_TO_32_BIT_CONVERSION = YES;
				GCC_WARN_ABOUT_RETURN_TYPE = YES_ERROR;
				GCC_WARN_UNDECLARED_SELECTOR = YES;
				GCC_WARN_UNINITIALIZED_AUTOS = YES_AGGRESSIVE;
				GCC_WARN_UNUSED_FUNCTION = YES;
				GCC_WARN_UNUSED_VARIABLE = YES;
				IPHONEOS_DEPLOYMENT_TARGET = 12.1;
				MTL_ENABLE_DEBUG_INFO = YES;
				ONLY_ACTIVE_ARCH = YES;
				SDKROOT = iphoneos;
				SWIFT_ACTIVE_COMPILATION_CONDITIONS = DEBUG;
				SWIFT_OPTIMIZATION_LEVEL = "-Onone";
			};
			name = Debug;
		};
		0ACB4C1820C04F52000B3D98 /* Release */ = {
			isa = XCBuildConfiguration;
			buildSettings = {
				ALWAYS_SEARCH_USER_PATHS = NO;
				CLANG_ANALYZER_NONNULL = YES;
				CLANG_ANALYZER_NUMBER_OBJECT_CONVERSION = YES_AGGRESSIVE;
				CLANG_CXX_LANGUAGE_STANDARD = "gnu++14";
				CLANG_CXX_LIBRARY = "libc++";
				CLANG_ENABLE_MODULES = YES;
				CLANG_ENABLE_OBJC_ARC = YES;
				CLANG_ENABLE_OBJC_WEAK = YES;
				CLANG_WARN_BLOCK_CAPTURE_AUTORELEASING = YES;
				CLANG_WARN_BOOL_CONVERSION = YES;
				CLANG_WARN_COMMA = YES;
				CLANG_WARN_CONSTANT_CONVERSION = YES;
				CLANG_WARN_DEPRECATED_OBJC_IMPLEMENTATIONS = YES;
				CLANG_WARN_DIRECT_OBJC_ISA_USAGE = YES_ERROR;
				CLANG_WARN_DOCUMENTATION_COMMENTS = YES;
				CLANG_WARN_EMPTY_BODY = YES;
				CLANG_WARN_ENUM_CONVERSION = YES;
				CLANG_WARN_INFINITE_RECURSION = YES;
				CLANG_WARN_INT_CONVERSION = YES;
				CLANG_WARN_NON_LITERAL_NULL_CONVERSION = YES;
				CLANG_WARN_OBJC_IMPLICIT_RETAIN_SELF = YES;
				CLANG_WARN_OBJC_LITERAL_CONVERSION = YES;
				CLANG_WARN_OBJC_ROOT_CLASS = YES_ERROR;
				CLANG_WARN_RANGE_LOOP_ANALYSIS = YES;
				CLANG_WARN_STRICT_PROTOTYPES = YES;
				CLANG_WARN_SUSPICIOUS_MOVE = YES;
				CLANG_WARN_UNGUARDED_AVAILABILITY = YES_AGGRESSIVE;
				CLANG_WARN_UNREACHABLE_CODE = YES;
				CLANG_WARN__DUPLICATE_METHOD_MATCH = YES;
				CODE_SIGN_IDENTITY = "iPhone Developer";
				COPY_PHASE_STRIP = NO;
				DEBUG_INFORMATION_FORMAT = "dwarf-with-dsym";
				ENABLE_NS_ASSERTIONS = NO;
				ENABLE_STRICT_OBJC_MSGSEND = YES;
				GCC_C_LANGUAGE_STANDARD = gnu11;
				GCC_NO_COMMON_BLOCKS = YES;
				GCC_WARN_64_TO_32_BIT_CONVERSION = YES;
				GCC_WARN_ABOUT_RETURN_TYPE = YES_ERROR;
				GCC_WARN_UNDECLARED_SELECTOR = YES;
				GCC_WARN_UNINITIALIZED_AUTOS = YES_AGGRESSIVE;
				GCC_WARN_UNUSED_FUNCTION = YES;
				GCC_WARN_UNUSED_VARIABLE = YES;
				IPHONEOS_DEPLOYMENT_TARGET = 12.1;
				MTL_ENABLE_DEBUG_INFO = NO;
				SDKROOT = iphoneos;
				SWIFT_COMPILATION_MODE = wholemodule;
				SWIFT_OPTIMIZATION_LEVEL = "-O";
				VALIDATE_PRODUCT = YES;
			};
			name = Release;
		};
		0ACB4C1A20C04F52000B3D98 /* Debug */ = {
			isa = XCBuildConfiguration;
			buildSettings = {
				ASSETCATALOG_COMPILER_APPICON_NAME = AppIcon;
				CODE_SIGN_STYLE = Automatic;
				DEVELOPMENT_TEAM = E9KK58PCBY;
				FRAMEWORK_SEARCH_PATHS = (
					"$(inherited)",
					"$(PROJECT_DIR)",
				);
				INFOPLIST_FILE = ScrewShop/Info.plist;
				IPHONEOS_DEPLOYMENT_TARGET = 12.1;
				LD_RUNPATH_SEARCH_PATHS = (
					"$(inherited)",
					"@executable_path/Frameworks",
				);
				PRODUCT_BUNDLE_IDENTIFIER = com.lmpowellenterprise.ScrewShop;
				PRODUCT_NAME = "$(TARGET_NAME)";
				SWIFT_VERSION = 4.2;
				TARGETED_DEVICE_FAMILY = "1,2";
			};
			name = Debug;
		};
		0ACB4C1B20C04F52000B3D98 /* Release */ = {
			isa = XCBuildConfiguration;
			buildSettings = {
				ASSETCATALOG_COMPILER_APPICON_NAME = AppIcon;
				CODE_SIGN_STYLE = Automatic;
				DEVELOPMENT_TEAM = E9KK58PCBY;
				FRAMEWORK_SEARCH_PATHS = (
					"$(inherited)",
					"$(PROJECT_DIR)",
				);
				INFOPLIST_FILE = ScrewShop/Info.plist;
				IPHONEOS_DEPLOYMENT_TARGET = 12.1;
				LD_RUNPATH_SEARCH_PATHS = (
					"$(inherited)",
					"@executable_path/Frameworks",
				);
				PRODUCT_BUNDLE_IDENTIFIER = com.lmpowellenterprise.ScrewShop;
				PRODUCT_NAME = "$(TARGET_NAME)";
				SWIFT_VERSION = 4.2;
				TARGETED_DEVICE_FAMILY = "1,2";
			};
			name = Release;
		};
/* End XCBuildConfiguration section */

/* Begin XCConfigurationList section */
		0ACB4C0020C04F51000B3D98 /* Build configuration list for PBXProject "ScrewShop" */ = {
			isa = XCConfigurationList;
			buildConfigurations = (
				0ACB4C1720C04F52000B3D98 /* Debug */,
				0ACB4C1820C04F52000B3D98 /* Release */,
			);
			defaultConfigurationIsVisible = 0;
			defaultConfigurationName = Release;
		};
		0ACB4C1920C04F52000B3D98 /* Build configuration list for PBXNativeTarget "ScrewShop" */ = {
			isa = XCConfigurationList;
			buildConfigurations = (
				0ACB4C1A20C04F52000B3D98 /* Debug */,
				0ACB4C1B20C04F52000B3D98 /* Release */,
			);
			defaultConfigurationIsVisible = 0;
			defaultConfigurationName = Release;
		};
/* End XCConfigurationList section */
	};
	rootObject = 0ACB4BFD20C04F51000B3D98 /* Project object */;
}
